
Microsoft Visual Studio Solution File, Format Version 12.00
# Visual Studio Version 16
VisualStudioVersion = 16.0.31727.386
MinimumVisualStudioVersion = 10.0.40219.1
Project("{2150E333-8FDC-42A3-9474-1A3956D46DE8}") = "Services", "Services", "{DF808114-E7CF-4E69-9DA7-F90F1E59B3E3}"
EndProject
Project("{2150E333-8FDC-42A3-9474-1A3956D46DE8}") = "Catalog", "Catalog", "{DB280282-197A-4CA6-B8FD-4FC9B31E5311}"
EndProject
Project("{9A19103F-16F7-4668-BE54-9A1E7A4F7556}") = "FreeCourse.Services.Catalog", "Services\Catalog\FreeCourse.Services.Catalog\FreeCourse.Services.Catalog.csproj", "{96E6D967-EE73-4B69-B482-FE843FC7D2AC}"
EndProject
Project("{2150E333-8FDC-42A3-9474-1A3956D46DE8}") = "Solution Items", "Solution Items", "{CA8713B8-30C5-49E4-930D-56EEF92AEB99}"
	ProjectSection(SolutionItems) = preProject
		Port.txt = Port.txt
	EndProjectSection
EndProject
Project("{2150E333-8FDC-42A3-9474-1A3956D46DE8}") = "Shared", "Shared", "{CC7A61DE-981B-427C-87C5-1DA7936DDC3E}"
EndProject
Project("{9A19103F-16F7-4668-BE54-9A1E7A4F7556}") = "FreeCourse.Shared", "Shared\FreeCourse.Shared\FreeCourse.Shared.csproj", "{FCFC2310-6364-4AFB-A528-6DE00BBCCDE9}"
EndProject
Project("{2150E333-8FDC-42A3-9474-1A3956D46DE8}") = "IdentityServer", "IdentityServer", "{619E8B37-60FF-4581-9BF8-0E707AB099AC}"
EndProject
Project("{9A19103F-16F7-4668-BE54-9A1E7A4F7556}") = "FreeCourse.IdentityServer", "IdentityServer\FreeCourse.IdentityServer\FreeCourse.IdentityServer.csproj", "{215FC959-1C63-4750-A989-90318058A91C}"
EndProject
Project("{2150E333-8FDC-42A3-9474-1A3956D46DE8}") = "PhotoStock", "PhotoStock", "{A8E51C3E-1E10-4B1B-B20E-263D770F9199}"
EndProject
Project("{9A19103F-16F7-4668-BE54-9A1E7A4F7556}") = "FreeCourse.Services.PhotoStock", "Services\PhotoStock\FreeCourse.Services.PhotoStock\FreeCourse.Services.PhotoStock.csproj", "{11AB903D-E20E-4B45-A6C9-A2163D4BCDDD}"
EndProject
Project("{2150E333-8FDC-42A3-9474-1A3956D46DE8}") = "Basket", "Basket", "{9E8CB70C-70C1-43FC-87B1-BBFA020D5C61}"
EndProject
Project("{9A19103F-16F7-4668-BE54-9A1E7A4F7556}") = "Free.Course.Services.Basket", "Services\Basket\Free.Course.Services.Basket\Free.Course.Services.Basket.csproj", "{4E5FF6F0-3D9B-4A8F-BE93-E93B82EFA64A}"
EndProject
Project("{2150E333-8FDC-42A3-9474-1A3956D46DE8}") = "Discount", "Discount", "{6367B03B-BC1B-4AD3-BC3E-65F8F074FE32}"
EndProject
Project("{9A19103F-16F7-4668-BE54-9A1E7A4F7556}") = "FreeCourse.Services.Discount", "Services\Discount\FreeCourse.Services.Discount\FreeCourse.Services.Discount.csproj", "{84B0C66A-7EC3-4611-A0F8-98DBB934179C}"
EndProject
Project("{2150E333-8FDC-42A3-9474-1A3956D46DE8}") = "Order", "Order", "{269AF2CB-F6F6-49B5-85C2-632E062A9D17}"
EndProject
Project("{FAE04EC0-301F-11D3-BF4B-00C04F79EFBC}") = "FreeCourse.Services.Order.API", "Services\Order\FreeCourse.Services.Order.API\FreeCourse.Services.Order.API.csproj", "{536BE2DD-435B-40E7-B23B-C4E54AC72D53}"
EndProject
Project("{FAE04EC0-301F-11D3-BF4B-00C04F79EFBC}") = "FreeCourse.Services.Order.Application", "Services\Order\FreeCourse.Services.Order.Application\FreeCourse.Services.Order.Application.csproj", "{585B7E31-E955-4F64-A24E-C06DAA688434}"
EndProject
Project("{FAE04EC0-301F-11D3-BF4B-00C04F79EFBC}") = "FreeCourse.Services.Order.Domain", "Services\Order\FreeCourse.Services.Order.Domain\FreeCourse.Services.Order.Domain.csproj", "{E7CA7D0A-9B6A-4FC6-9DEC-F835A378F129}"
EndProject
Project("{FAE04EC0-301F-11D3-BF4B-00C04F79EFBC}") = "FreeCourse.Services.Order.Domain.Core", "Services\Order\FreeCourse.Services.Order.Domain.Core\FreeCourse.Services.Order.Domain.Core.csproj", "{286EF31E-6500-496B-AC2F-BFCD1D273FC0}"
EndProject
Project("{FAE04EC0-301F-11D3-BF4B-00C04F79EFBC}") = "FreeCourse.Services.Order.Infrastructure", "Services\Order\FreeCourse.Services.Order.Infrastructure\FreeCourse.Services.Order.Infrastructure.csproj", "{561B182E-0F54-46C9-B85F-D3D0DAA178BF}"
EndProject
Global
	GlobalSection(SolutionConfigurationPlatforms) = preSolution
		Debug|Any CPU = Debug|Any CPU
		Release|Any CPU = Release|Any CPU
	EndGlobalSection
	GlobalSection(ProjectConfigurationPlatforms) = postSolution
		{96E6D967-EE73-4B69-B482-FE843FC7D2AC}.Debug|Any CPU.ActiveCfg = Debug|Any CPU
		{96E6D967-EE73-4B69-B482-FE843FC7D2AC}.Debug|Any CPU.Build.0 = Debug|Any CPU
		{96E6D967-EE73-4B69-B482-FE843FC7D2AC}.Release|Any CPU.ActiveCfg = Release|Any CPU
		{96E6D967-EE73-4B69-B482-FE843FC7D2AC}.Release|Any CPU.Build.0 = Release|Any CPU
		{FCFC2310-6364-4AFB-A528-6DE00BBCCDE9}.Debug|Any CPU.ActiveCfg = Debug|Any CPU
		{FCFC2310-6364-4AFB-A528-6DE00BBCCDE9}.Debug|Any CPU.Build.0 = Debug|Any CPU
		{FCFC2310-6364-4AFB-A528-6DE00BBCCDE9}.Release|Any CPU.ActiveCfg = Release|Any CPU
		{FCFC2310-6364-4AFB-A528-6DE00BBCCDE9}.Release|Any CPU.Build.0 = Release|Any CPU
		{215FC959-1C63-4750-A989-90318058A91C}.Debug|Any CPU.ActiveCfg = Debug|Any CPU
		{215FC959-1C63-4750-A989-90318058A91C}.Debug|Any CPU.Build.0 = Debug|Any CPU
		{215FC959-1C63-4750-A989-90318058A91C}.Release|Any CPU.ActiveCfg = Release|Any CPU
		{215FC959-1C63-4750-A989-90318058A91C}.Release|Any CPU.Build.0 = Release|Any CPU
		{11AB903D-E20E-4B45-A6C9-A2163D4BCDDD}.Debug|Any CPU.ActiveCfg = Debug|Any CPU
		{11AB903D-E20E-4B45-A6C9-A2163D4BCDDD}.Debug|Any CPU.Build.0 = Debug|Any CPU
		{11AB903D-E20E-4B45-A6C9-A2163D4BCDDD}.Release|Any CPU.ActiveCfg = Release|Any CPU
		{11AB903D-E20E-4B45-A6C9-A2163D4BCDDD}.Release|Any CPU.Build.0 = Release|Any CPU
		{4E5FF6F0-3D9B-4A8F-BE93-E93B82EFA64A}.Debug|Any CPU.ActiveCfg = Debug|Any CPU
		{4E5FF6F0-3D9B-4A8F-BE93-E93B82EFA64A}.Debug|Any CPU.Build.0 = Debug|Any CPU
		{4E5FF6F0-3D9B-4A8F-BE93-E93B82EFA64A}.Release|Any CPU.ActiveCfg = Release|Any CPU
		{4E5FF6F0-3D9B-4A8F-BE93-E93B82EFA64A}.Release|Any CPU.Build.0 = Release|Any CPU
		{84B0C66A-7EC3-4611-A0F8-98DBB934179C}.Debug|Any CPU.ActiveCfg = Debug|Any CPU
		{84B0C66A-7EC3-4611-A0F8-98DBB934179C}.Debug|Any CPU.Build.0 = Debug|Any CPU
		{84B0C66A-7EC3-4611-A0F8-98DBB934179C}.Release|Any CPU.ActiveCfg = Release|Any CPU
		{84B0C66A-7EC3-4611-A0F8-98DBB934179C}.Release|Any CPU.Build.0 = Release|Any CPU
		{536BE2DD-435B-40E7-B23B-C4E54AC72D53}.Debug|Any CPU.ActiveCfg = Debug|Any CPU
		{536BE2DD-435B-40E7-B23B-C4E54AC72D53}.Debug|Any CPU.Build.0 = Debug|Any CPU
		{536BE2DD-435B-40E7-B23B-C4E54AC72D53}.Release|Any CPU.ActiveCfg = Release|Any CPU
		{536BE2DD-435B-40E7-B23B-C4E54AC72D53}.Release|Any CPU.Build.0 = Release|Any CPU
		{585B7E31-E955-4F64-A24E-C06DAA688434}.Debug|Any CPU.ActiveCfg = Debug|Any CPU
		{585B7E31-E955-4F64-A24E-C06DAA688434}.Debug|Any CPU.Build.0 = Debug|Any CPU
		{585B7E31-E955-4F64-A24E-C06DAA688434}.Release|Any CPU.ActiveCfg = Release|Any CPU
		{585B7E31-E955-4F64-A24E-C06DAA688434}.Release|Any CPU.Build.0 = Release|Any CPU
		{E7CA7D0A-9B6A-4FC6-9DEC-F835A378F129}.Debug|Any CPU.ActiveCfg = Debug|Any CPU
		{E7CA7D0A-9B6A-4FC6-9DEC-F835A378F129}.Debug|Any CPU.Build.0 = Debug|Any CPU
		{E7CA7D0A-9B6A-4FC6-9DEC-F835A378F129}.Release|Any CPU.ActiveCfg = Release|Any CPU
		{E7CA7D0A-9B6A-4FC6-9DEC-F835A378F129}.Release|Any CPU.Build.0 = Release|Any CPU
		{286EF31E-6500-496B-AC2F-BFCD1D273FC0}.Debug|Any CPU.ActiveCfg = Debug|Any CPU
		{286EF31E-6500-496B-AC2F-BFCD1D273FC0}.Debug|Any CPU.Build.0 = Debug|Any CPU
		{286EF31E-6500-496B-AC2F-BFCD1D273FC0}.Release|Any CPU.ActiveCfg = Release|Any CPU
		{286EF31E-6500-496B-AC2F-BFCD1D273FC0}.Release|Any CPU.Build.0 = Release|Any CPU
		{561B182E-0F54-46C9-B85F-D3D0DAA178BF}.Debug|Any CPU.ActiveCfg = Debug|Any CPU
		{561B182E-0F54-46C9-B85F-D3D0DAA178BF}.Debug|Any CPU.Build.0 = Debug|Any CPU
		{561B182E-0F54-46C9-B85F-D3D0DAA178BF}.Release|Any CPU.ActiveCfg = Release|Any CPU
		{561B182E-0F54-46C9-B85F-D3D0DAA178BF}.Release|Any CPU.Build.0 = Release|Any CPU
	EndGlobalSection
	GlobalSection(SolutionProperties) = preSolution
		HideSolutionNode = FALSE
	EndGlobalSection
	GlobalSection(NestedProjects) = preSolution
		{DB280282-197A-4CA6-B8FD-4FC9B31E5311} = {DF808114-E7CF-4E69-9DA7-F90F1E59B3E3}
		{96E6D967-EE73-4B69-B482-FE843FC7D2AC} = {DB280282-197A-4CA6-B8FD-4FC9B31E5311}
		{FCFC2310-6364-4AFB-A528-6DE00BBCCDE9} = {CC7A61DE-981B-427C-87C5-1DA7936DDC3E}
		{215FC959-1C63-4750-A989-90318058A91C} = {619E8B37-60FF-4581-9BF8-0E707AB099AC}
		{A8E51C3E-1E10-4B1B-B20E-263D770F9199} = {DF808114-E7CF-4E69-9DA7-F90F1E59B3E3}
		{11AB903D-E20E-4B45-A6C9-A2163D4BCDDD} = {A8E51C3E-1E10-4B1B-B20E-263D770F9199}
		{9E8CB70C-70C1-43FC-87B1-BBFA020D5C61} = {DF808114-E7CF-4E69-9DA7-F90F1E59B3E3}
		{4E5FF6F0-3D9B-4A8F-BE93-E93B82EFA64A} = {9E8CB70C-70C1-43FC-87B1-BBFA020D5C61}
		{6367B03B-BC1B-4AD3-BC3E-65F8F074FE32} = {DF808114-E7CF-4E69-9DA7-F90F1E59B3E3}
		{84B0C66A-7EC3-4611-A0F8-98DBB934179C} = {6367B03B-BC1B-4AD3-BC3E-65F8F074FE32}
		{269AF2CB-F6F6-49B5-85C2-632E062A9D17} = {DF808114-E7CF-4E69-9DA7-F90F1E59B3E3}
		{536BE2DD-435B-40E7-B23B-C4E54AC72D53} = {269AF2CB-F6F6-49B5-85C2-632E062A9D17}
		{585B7E31-E955-4F64-A24E-C06DAA688434} = {269AF2CB-F6F6-49B5-85C2-632E062A9D17}
		{E7CA7D0A-9B6A-4FC6-9DEC-F835A378F129} = {269AF2CB-F6F6-49B5-85C2-632E062A9D17}
		{286EF31E-6500-496B-AC2F-BFCD1D273FC0} = {269AF2CB-F6F6-49B5-85C2-632E062A9D17}
		{561B182E-0F54-46C9-B85F-D3D0DAA178BF} = {269AF2CB-F6F6-49B5-85C2-632E062A9D17}
	EndGlobalSection
	GlobalSection(ExtensibilityGlobals) = postSolution
		SolutionGuid = {9DCC6ECC-566E-4B11-9356-164BF4DC61AA}
	EndGlobalSection
EndGlobal
